
Microsoft Visual Studio Solution File, Format Version 12.00
Project("{FAE04EC0-301F-11D3-BF4B-00C04F79EFBC}") = "TestLibrary", "TestLibrary\TestLibrary.csproj", "{98417330-1B60-41F0-937B-3CC9D5D59202}"
EndProject
Project("{FAE04EC0-301F-11D3-BF4B-00C04F79EFBC}") = "Rewriter", "Rewriter\Rewriter.csproj", "{A7D1911A-1D15-48C8-99A3-3508E77B3AFE}"
EndProject
Project("{FAE04EC0-301F-11D3-BF4B-00C04F79EFBC}") = "TestProgram", "TestProgram\TestProgram.csproj", "{64425F90-4227-4425-ABF4-8BEAB5DCD1E2}"
EndProject
Global
	GlobalSection(SolutionConfigurationPlatforms) = preSolution
		Debug|Any CPU = Debug|Any CPU
		Release|Any CPU = Release|Any CPU
	EndGlobalSection
	GlobalSection(ProjectConfigurationPlatforms) = postSolution
		{98417330-1B60-41F0-937B-3CC9D5D59202}.Debug|Any CPU.ActiveCfg = Debug|Any CPU
		{98417330-1B60-41F0-937B-3CC9D5D59202}.Debug|Any CPU.Build.0 = Debug|Any CPU
		{98417330-1B60-41F0-937B-3CC9D5D59202}.Release|Any CPU.ActiveCfg = Release|Any CPU
		{98417330-1B60-41F0-937B-3CC9D5D59202}.Release|Any CPU.Build.0 = Release|Any CPU
		{A7D1911A-1D15-48C8-99A3-3508E77B3AFE}.Debug|Any CPU.ActiveCfg = Debug|Any CPU
		{A7D1911A-1D15-48C8-99A3-3508E77B3AFE}.Debug|Any CPU.Build.0 = Debug|Any CPU
		{A7D1911A-1D15-48C8-99A3-3508E77B3AFE}.Release|Any CPU.ActiveCfg = Release|Any CPU
		{A7D1911A-1D15-48C8-99A3-3508E77B3AFE}.Release|Any CPU.Build.0 = Release|Any CPU
		{64425F90-4227-4425-ABF4-8BEAB5DCD1E2}.Debug|Any CPU.ActiveCfg = Debug|Any CPU
		{64425F90-4227-4425-ABF4-8BEAB5DCD1E2}.Debug|Any CPU.Build.0 = Debug|Any CPU
		{64425F90-4227-4425-ABF4-8BEAB5DCD1E2}.Release|Any CPU.ActiveCfg = Release|Any CPU
		{64425F90-4227-4425-ABF4-8BEAB5DCD1E2}.Release|Any CPU.Build.0 = Release|Any CPU
	EndGlobalSection
EndGlobal
